// !$*UTF8*$!
{
	archiveVersion = 1;
	classes = {
	};
	objectVersion = 56;
	objects = {

/* Begin PBXBuildFile section */
		50BA192029FE740600986557 /* AppDelegate.swift in Sources */ = {isa = PBXBuildFile; fileRef = 50BA191F29FE740600986557 /* AppDelegate.swift */; };
		50BA192229FE740600986557 /* SceneDelegate.swift in Sources */ = {isa = PBXBuildFile; fileRef = 50BA192129FE740600986557 /* SceneDelegate.swift */; };
		50BA192429FE740600986557 /* ViewController.swift in Sources */ = {isa = PBXBuildFile; fileRef = 50BA192329FE740600986557 /* ViewController.swift */; };
		50BA192729FE740600986557 /* Main.storyboard in Resources */ = {isa = PBXBuildFile; fileRef = 50BA192529FE740600986557 /* Main.storyboard */; };
		50BA192929FE740900986557 /* Assets.xcassets in Resources */ = {isa = PBXBuildFile; fileRef = 50BA192829FE740900986557 /* Assets.xcassets */; };
		50BA192C29FE740900986557 /* LaunchScreen.storyboard in Resources */ = {isa = PBXBuildFile; fileRef = 50BA192A29FE740900986557 /* LaunchScreen.storyboard */; };
		50BA193729FE740900986557 /* FireBaseRealTimeDatabaseTests.swift in Sources */ = {isa = PBXBuildFile; fileRef = 50BA193629FE740900986557 /* FireBaseRealTimeDatabaseTests.swift */; };
		50BA194129FE740900986557 /* FireBaseRealTimeDatabaseUITests.swift in Sources */ = {isa = PBXBuildFile; fileRef = 50BA194029FE740900986557 /* FireBaseRealTimeDatabaseUITests.swift */; };
		50BA194329FE740900986557 /* FireBaseRealTimeDatabaseUITestsLaunchTests.swift in Sources */ = {isa = PBXBuildFile; fileRef = 50BA194229FE740900986557 /* FireBaseRealTimeDatabaseUITestsLaunchTests.swift */; };
/* End PBXBuildFile section */

/* Begin PBXContainerItemProxy section */
		50BA193329FE740900986557 /* PBXContainerItemProxy */ = {
			isa = PBXContainerItemProxy;
			containerPortal = 50BA191429FE740600986557 /* Project object */;
			proxyType = 1;
			remoteGlobalIDString = 50BA191B29FE740600986557;
			remoteInfo = FireBaseRealTimeDatabase;
		};
		50BA193D29FE740900986557 /* PBXContainerItemProxy */ = {
			isa = PBXContainerItemProxy;
			containerPortal = 50BA191429FE740600986557 /* Project object */;
			proxyType = 1;
			remoteGlobalIDString = 50BA191B29FE740600986557;
			remoteInfo = FireBaseRealTimeDatabase;
		};
/* End PBXContainerItemProxy section */

/* Begin PBXFileReference section */
		50BA191C29FE740600986557 /* FireBaseRealTimeDatabase.app */ = {isa = PBXFileReference; explicitFileType = wrapper.application; includeInIndex = 0; path = FireBaseRealTimeDatabase.app; sourceTree = BUILT_PRODUCTS_DIR; };
		50BA191F29FE740600986557 /* AppDelegate.swift */ = {isa = PBXFileReference; lastKnownFileType = sourcecode.swift; path = AppDelegate.swift; sourceTree = "<group>"; };
		50BA192129FE740600986557 /* SceneDelegate.swift */ = {isa = PBXFileReference; lastKnownFileType = sourcecode.swift; path = SceneDelegate.swift; sourceTree = "<group>"; };
		50BA192329FE740600986557 /* ViewController.swift */ = {isa = PBXFileReference; lastKnownFileType = sourcecode.swift; path = ViewController.swift; sourceTree = "<group>"; };
		50BA192629FE740600986557 /* Base */ = {isa = PBXFileReference; lastKnownFileType = file.storyboard; name = Base; path = Base.lproj/Main.storyboard; sourceTree = "<group>"; };
		50BA192829FE740900986557 /* Assets.xcassets */ = {isa = PBXFileReference; lastKnownFileType = folder.assetcatalog; path = Assets.xcassets; sourceTree = "<group>"; };
		50BA192B29FE740900986557 /* Base */ = {isa = PBXFileReference; lastKnownFileType = file.storyboard; name = Base; path = Base.lproj/LaunchScreen.storyboard; sourceTree = "<group>"; };
		50BA192D29FE740900986557 /* Info.plist */ = {isa = PBXFileReference; lastKnownFileType = text.plist.xml; path = Info.plist; sourceTree = "<group>"; };
		50BA193229FE740900986557 /* FireBaseRealTimeDatabaseTests.xctest */ = {isa = PBXFileReference; explicitFileType = wrapper.cfbundle; includeInIndex = 0; path = FireBaseRealTimeDatabaseTests.xctest; sourceTree = BUILT_PRODUCTS_DIR; };
		50BA193629FE740900986557 /* FireBaseRealTimeDatabaseTests.swift */ = {isa = PBXFileReference; lastKnownFileType = sourcecode.swift; path = FireBaseRealTimeDatabaseTests.swift; sourceTree = "<group>"; };
		50BA193C29FE740900986557 /* FireBaseRealTimeDatabaseUITests.xctest */ = {isa = PBXFileReference; explicitFileType = wrapper.cfbundle; includeInIndex = 0; path = FireBaseRealTimeDatabaseUITests.xctest; sourceTree = BUILT_PRODUCTS_DIR; };
		50BA194029FE740900986557 /* FireBaseRealTimeDatabaseUITests.swift */ = {isa = PBXFileReference; lastKnownFileType = sourcecode.swift; path = FireBaseRealTimeDatabaseUITests.swift; sourceTree = "<group>"; };
		50BA194229FE740900986557 /* FireBaseRealTimeDatabaseUITestsLaunchTests.swift */ = {isa = PBXFileReference; lastKnownFileType = sourcecode.swift; path = FireBaseRealTimeDatabaseUITestsLaunchTests.swift; sourceTree = "<group>"; };
/* End PBXFileReference section */

/* Begin PBXFrameworksBuildPhase section */
		50BA191929FE740600986557 /* Frameworks */ = {
			isa = PBXFrameworksBuildPhase;
			buildActionMask = 2147483647;
			files = (
			);
			runOnlyForDeploymentPostprocessing = 0;
		};
		50BA192F29FE740900986557 /* Frameworks */ = {
			isa = PBXFrameworksBuildPhase;
			buildActionMask = 2147483647;
			files = (
			);
			runOnlyForDeploymentPostprocessing = 0;
		};
		50BA193929FE740900986557 /* Frameworks */ = {
			isa = PBXFrameworksBuildPhase;
			buildActionMask = 2147483647;
			files = (
			);
			runOnlyForDeploymentPostprocessing = 0;
		};
/* End PBXFrameworksBuildPhase section */

/* Begin PBXGroup section */
		50BA191329FE740500986557 = {
			isa = PBXGroup;
			children = (
				50BA191E29FE740600986557 /* FireBaseRealTimeDatabase */,
				50BA193529FE740900986557 /* FireBaseRealTimeDatabaseTests */,
				50BA193F29FE740900986557 /* FireBaseRealTimeDatabaseUITests */,
				50BA191D29FE740600986557 /* Products */,
			);
			sourceTree = "<group>";
		};
		50BA191D29FE740600986557 /* Products */ = {
			isa = PBXGroup;
			children = (
				50BA191C29FE740600986557 /* FireBaseRealTimeDatabase.app */,
				50BA193229FE740900986557 /* FireBaseRealTimeDatabaseTests.xctest */,
				50BA193C29FE740900986557 /* FireBaseRealTimeDatabaseUITests.xctest */,
			);
			name = Products;
			sourceTree = "<group>";
		};
		50BA191E29FE740600986557 /* FireBaseRealTimeDatabase */ = {
			isa = PBXGroup;
			children = (
				50BA191F29FE740600986557 /* AppDelegate.swift */,
				50BA192129FE740600986557 /* SceneDelegate.swift */,
				50BA192329FE740600986557 /* ViewController.swift */,
				50BA192529FE740600986557 /* Main.storyboard */,
				50BA192829FE740900986557 /* Assets.xcassets */,
				50BA192A29FE740900986557 /* LaunchScreen.storyboard */,
				50BA192D29FE740900986557 /* Info.plist */,
			);
			path = FireBaseRealTimeDatabase;
			sourceTree = "<group>";
		};
		50BA193529FE740900986557 /* FireBaseRealTimeDatabaseTests */ = {
			isa = PBXGroup;
			children = (
				50BA193629FE740900986557 /* FireBaseRealTimeDatabaseTests.swift */,
			);
			path = FireBaseRealTimeDatabaseTests;
			sourceTree = "<group>";
		};
		50BA193F29FE740900986557 /* FireBaseRealTimeDatabaseUITests */ = {
			isa = PBXGroup;
			children = (
				50BA194029FE740900986557 /* FireBaseRealTimeDatabaseUITests.swift */,
				50BA194229FE740900986557 /* FireBaseRealTimeDatabaseUITestsLaunchTests.swift */,
			);
			path = FireBaseRealTimeDatabaseUITests;
			sourceTree = "<group>";
		};
/* End PBXGroup section */

/* Begin PBXNativeTarget section */
		50BA191B29FE740600986557 /* FireBaseRealTimeDatabase */ = {
			isa = PBXNativeTarget;
			buildConfigurationList = 50BA194629FE740900986557 /* Build configuration list for PBXNativeTarget "FireBaseRealTimeDatabase" */;
			buildPhases = (
				50BA191829FE740600986557 /* Sources */,
				50BA191929FE740600986557 /* Frameworks */,
				50BA191A29FE740600986557 /* Resources */,
			);
			buildRules = (
			);
			dependencies = (
			);
			name = FireBaseRealTimeDatabase;
			productName = FireBaseRealTimeDatabase;
			productReference = 50BA191C29FE740600986557 /* FireBaseRealTimeDatabase.app */;
			productType = "com.apple.product-type.application";
		};
		50BA193129FE740900986557 /* FireBaseRealTimeDatabaseTests */ = {
			isa = PBXNativeTarget;
			buildConfigurationList = 50BA194929FE740900986557 /* Build configuration list for PBXNativeTarget "FireBaseRealTimeDatabaseTests" */;
			buildPhases = (
				50BA192E29FE740900986557 /* Sources */,
				50BA192F29FE740900986557 /* Frameworks */,
				50BA193029FE740900986557 /* Resources */,
			);
			buildRules = (
			);
			dependencies = (
				50BA193429FE740900986557 /* PBXTargetDependency */,
			);
			name = FireBaseRealTimeDatabaseTests;
			productName = FireBaseRealTimeDatabaseTests;
			productReference = 50BA193229FE740900986557 /* FireBaseRealTimeDatabaseTests.xctest */;
			productType = "com.apple.product-type.bundle.unit-test";
		};
		50BA193B29FE740900986557 /* FireBaseRealTimeDatabaseUITests */ = {
			isa = PBXNativeTarget;
			buildConfigurationList = 50BA194C29FE740900986557 /* Build configuration list for PBXNativeTarget "FireBaseRealTimeDatabaseUITests" */;
			buildPhases = (
				50BA193829FE740900986557 /* Sources */,
				50BA193929FE740900986557 /* Frameworks */,
				50BA193A29FE740900986557 /* Resources */,
			);
			buildRules = (
			);
			dependencies = (
				50BA193E29FE740900986557 /* PBXTargetDependency */,
			);
			name = FireBaseRealTimeDatabaseUITests;
			productName = FireBaseRealTimeDatabaseUITests;
			productReference = 50BA193C29FE740900986557 /* FireBaseRealTimeDatabaseUITests.xctest */;
			productType = "com.apple.product-type.bundle.ui-testing";
		};
/* End PBXNativeTarget section */

/* Begin PBXProject section */
		50BA191429FE740600986557 /* Project object */ = {
			isa = PBXProject;
			attributes = {
				BuildIndependentTargetsInParallel = 1;
				LastSwiftUpdateCheck = 1430;
				LastUpgradeCheck = 1430;
				TargetAttributes = {
					50BA191B29FE740600986557 = {
						CreatedOnToolsVersion = 14.3;
					};
					50BA193129FE740900986557 = {
						CreatedOnToolsVersion = 14.3;
						TestTargetID = 50BA191B29FE740600986557;
					};
					50BA193B29FE740900986557 = {
						CreatedOnToolsVersion = 14.3;
						TestTargetID = 50BA191B29FE740600986557;
					};
				};
			};
			buildConfigurationList = 50BA191729FE740600986557 /* Build configuration list for PBXProject "FireBaseRealTimeDatabase" */;
			compatibilityVersion = "Xcode 14.0";
			developmentRegion = en;
			hasScannedForEncodings = 0;
			knownRegions = (
				en,
				Base,
			);
			mainGroup = 50BA191329FE740500986557;
			productRefGroup = 50BA191D29FE740600986557 /* Products */;
			projectDirPath = "";
			projectRoot = "";
			targets = (
				50BA191B29FE740600986557 /* FireBaseRealTimeDatabase */,
				50BA193129FE740900986557 /* FireBaseRealTimeDatabaseTests */,
				50BA193B29FE740900986557 /* FireBaseRealTimeDatabaseUITests */,
			);
		};
/* End PBXProject section */

/* Begin PBXResourcesBuildPhase section */
		50BA191A29FE740600986557 /* Resources */ = {
			isa = PBXResourcesBuildPhase;
			buildActionMask = 2147483647;
			files = (
				50BA192C29FE740900986557 /* LaunchScreen.storyboard in Resources */,
				50BA192929FE740900986557 /* Assets.xcassets in Resources */,
				50BA192729FE740600986557 /* Main.storyboard in Resources */,
			);
			runOnlyForDeploymentPostprocessing = 0;
		};
		50BA193029FE740900986557 /* Resources */ = {
			isa = PBXResourcesBuildPhase;
			buildActionMask = 2147483647;
			files = (
			);
			runOnlyForDeploymentPostprocessing = 0;
		};
		50BA193A29FE740900986557 /* Resources */ = {
			isa = PBXResourcesBuildPhase;
			buildActionMask = 2147483647;
			files = (
			);
			runOnlyForDeploymentPostprocessing = 0;
		};
/* End PBXResourcesBuildPhase section */

/* Begin PBXSourcesBuildPhase section */
		50BA191829FE740600986557 /* Sources */ = {
			isa = PBXSourcesBuildPhase;
			buildActionMask = 2147483647;
			files = (
				50BA192429FE740600986557 /* ViewController.swift in Sources */,
				50BA192029FE740600986557 /* AppDelegate.swift in Sources */,
				50BA192229FE740600986557 /* SceneDelegate.swift in Sources */,
			);
			runOnlyForDeploymentPostprocessing = 0;
		};
		50BA192E29FE740900986557 /* Sources */ = {
			isa = PBXSourcesBuildPhase;
			buildActionMask = 2147483647;
			files = (
				50BA193729FE740900986557 /* FireBaseRealTimeDatabaseTests.swift in Sources */,
			);
			runOnlyForDeploymentPostprocessing = 0;
		};
		50BA193829FE740900986557 /* Sources */ = {
			isa = PBXSourcesBuildPhase;
			buildActionMask = 2147483647;
			files = (
				50BA194129FE740900986557 /* FireBaseRealTimeDatabaseUITests.swift in Sources */,
				50BA194329FE740900986557 /* FireBaseRealTimeDatabaseUITestsLaunchTests.swift in Sources */,
			);
			runOnlyForDeploymentPostprocessing = 0;
		};
/* End PBXSourcesBuildPhase section */

/* Begin PBXTargetDependency section */
		50BA193429FE740900986557 /* PBXTargetDependency */ = {
			isa = PBXTargetDependency;
			target = 50BA191B29FE740600986557 /* FireBaseRealTimeDatabase */;
			targetProxy = 50BA193329FE740900986557 /* PBXContainerItemProxy */;
		};
		50BA193E29FE740900986557 /* PBXTargetDependency */ = {
			isa = PBXTargetDependency;
			target = 50BA191B29FE740600986557 /* FireBaseRealTimeDatabase */;
			targetProxy = 50BA193D29FE740900986557 /* PBXContainerItemProxy */;
		};
/* End PBXTargetDependency section */

/* Begin PBXVariantGroup section */
		50BA192529FE740600986557 /* Main.storyboard */ = {
			isa = PBXVariantGroup;
			children = (
				50BA192629FE740600986557 /* Base */,
			);
			name = Main.storyboard;
			sourceTree = "<group>";
		};
		50BA192A29FE740900986557 /* LaunchScreen.storyboard */ = {
			isa = PBXVariantGroup;
			children = (
				50BA192B29FE740900986557 /* Base */,
			);
			name = LaunchScreen.storyboard;
			sourceTree = "<group>";
		};
/* End PBXVariantGroup section */

/* Begin XCBuildConfiguration section */
		50BA194429FE740900986557 /* Debug */ = {
			isa = XCBuildConfiguration;
			buildSettings = {
				ALWAYS_SEARCH_USER_PATHS = NO;
				CLANG_ANALYZER_NONNULL = YES;
				CLANG_ANALYZER_NUMBER_OBJECT_CONVERSION = YES_AGGRESSIVE;
				CLANG_CXX_LANGUAGE_STANDARD = "gnu++20";
				CLANG_ENABLE_MODULES = YES;
				CLANG_ENABLE_OBJC_ARC = YES;
				CLANG_ENABLE_OBJC_WEAK = YES;
				CLANG_WARN_BLOCK_CAPTURE_AUTORELEASING = YES;
				CLANG_WARN_BOOL_CONVERSION = YES;
				CLANG_WARN_COMMA = YES;
				CLANG_WARN_CONSTANT_CONVERSION = YES;
				CLANG_WARN_DEPRECATED_OBJC_IMPLEMENTATIONS = YES;
				CLANG_WARN_DIRECT_OBJC_ISA_USAGE = YES_ERROR;
				CLANG_WARN_DOCUMENTATION_COMMENTS = YES;
				CLANG_WARN_EMPTY_BODY = YES;
				CLANG_WARN_ENUM_CONVERSION = YES;
				CLANG_WARN_INFINITE_RECURSION = YES;
				CLANG_WARN_INT_CONVERSION = YES;
				CLANG_WARN_NON_LITERAL_NULL_CONVERSION = YES;
				CLANG_WARN_OBJC_IMPLICIT_RETAIN_SELF = YES;
				CLANG_WARN_OBJC_LITERAL_CONVERSION = YES;
				CLANG_WARN_OBJC_ROOT_CLASS = YES_ERROR;
				CLANG_WARN_QUOTED_INCLUDE_IN_FRAMEWORK_HEADER = YES;
				CLANG_WARN_RANGE_LOOP_ANALYSIS = YES;
				CLANG_WARN_STRICT_PROTOTYPES = YES;
				CLANG_WARN_SUSPICIOUS_MOVE = YES;
				CLANG_WARN_UNGUARDED_AVAILABILITY = YES_AGGRESSIVE;
				CLANG_WARN_UNREACHABLE_CODE = YES;
				CLANG_WARN__DUPLICATE_METHOD_MATCH = YES;
				COPY_PHASE_STRIP = NO;
				DEBUG_INFORMATION_FORMAT = dwarf;
				ENABLE_STRICT_OBJC_MSGSEND = YES;
				ENABLE_TESTABILITY = YES;
				GCC_C_LANGUAGE_STANDARD = gnu11;
				GCC_DYNAMIC_NO_PIC = NO;
				GCC_NO_COMMON_BLOCKS = YES;
				GCC_OPTIMIZATION_LEVEL = 0;
				GCC_PREPROCESSOR_DEFINITIONS = (
					"DEBUG=1",
					"$(inherited)",
				);
				GCC_WARN_64_TO_32_BIT_CONVERSION = YES;
				GCC_WARN_ABOUT_RETURN_TYPE = YES_ERROR;
				GCC_WARN_UNDECLARED_SELECTOR = YES;
				GCC_WARN_UNINITIALIZED_AUTOS = YES_AGGRESSIVE;
				GCC_WARN_UNUSED_FUNCTION = YES;
				GCC_WARN_UNUSED_VARIABLE = YES;
				IPHONEOS_DEPLOYMENT_TARGET = 16.4;
				MTL_ENABLE_DEBUG_INFO = INCLUDE_SOURCE;
				MTL_FAST_MATH = YES;
				ONLY_ACTIVE_ARCH = YES;
				SDKROOT = iphoneos;
				SWIFT_ACTIVE_COMPILATION_CONDITIONS = DEBUG;
				SWIFT_OPTIMIZATION_LEVEL = "-Onone";
			};
			name = Debug;
		};
		50BA194529FE740900986557 /* Release */ = {
			isa = XCBuildConfiguration;
			buildSettings = {
				ALWAYS_SEARCH_USER_PATHS = NO;
				CLANG_ANALYZER_NONNULL = YES;
				CLANG_ANALYZER_NUMBER_OBJECT_CONVERSION = YES_AGGRESSIVE;
				CLANG_CXX_LANGUAGE_STANDARD = "gnu++20";
				CLANG_ENABLE_MODULES = YES;
				CLANG_ENABLE_OBJC_ARC = YES;
				CLANG_ENABLE_OBJC_WEAK = YES;
				CLANG_WARN_BLOCK_CAPTURE_AUTORELEASING = YES;
				CLANG_WARN_BOOL_CONVERSION = YES;
				CLANG_WARN_COMMA = YES;
				CLANG_WARN_CONSTANT_CONVERSION = YES;
				CLANG_WARN_DEPRECATED_OBJC_IMPLEMENTATIONS = YES;
				CLANG_WARN_DIRECT_OBJC_ISA_USAGE = YES_ERROR;
				CLANG_WARN_DOCUMENTATION_COMMENTS = YES;
				CLANG_WARN_EMPTY_BODY = YES;
				CLANG_WARN_ENUM_CONVERSION = YES;
				CLANG_WARN_INFINITE_RECURSION = YES;
				CLANG_WARN_INT_CONVERSION = YES;
				CLANG_WARN_NON_LITERAL_NULL_CONVERSION = YES;
				CLANG_WARN_OBJC_IMPLICIT_RETAIN_SELF = YES;
				CLANG_WARN_OBJC_LITERAL_CONVERSION = YES;
				CLANG_WARN_OBJC_ROOT_CLASS = YES_ERROR;
				CLANG_WARN_QUOTED_INCLUDE_IN_FRAMEWORK_HEADER = YES;
				CLANG_WARN_RANGE_LOOP_ANALYSIS = YES;
				CLANG_WARN_STRICT_PROTOTYPES = YES;
				CLANG_WARN_SUSPICIOUS_MOVE = YES;
				CLANG_WARN_UNGUARDED_AVAILABILITY = YES_AGGRESSIVE;
				CLANG_WARN_UNREACHABLE_CODE = YES;
				CLANG_WARN__DUPLICATE_METHOD_MATCH = YES;
				COPY_PHASE_STRIP = NO;
				DEBUG_INFORMATION_FORMAT = "dwarf-with-dsym";
				ENABLE_NS_ASSERTIONS = NO;
				ENABLE_STRICT_OBJC_MSGSEND = YES;
				GCC_C_LANGUAGE_STANDARD = gnu11;
				GCC_NO_COMMON_BLOCKS = YES;
				GCC_WARN_64_TO_32_BIT_CONVERSION = YES;
				GCC_WARN_ABOUT_RETURN_TYPE = YES_ERROR;
				GCC_WARN_UNDECLARED_SELECTOR = YES;
				GCC_WARN_UNINITIALIZED_AUTOS = YES_AGGRESSIVE;
				GCC_WARN_UNUSED_FUNCTION = YES;
				GCC_WARN_UNUSED_VARIABLE = YES;
				IPHONEOS_DEPLOYMENT_TARGET = 16.4;
				MTL_ENABLE_DEBUG_INFO = NO;
				MTL_FAST_MATH = YES;
				SDKROOT = iphoneos;
				SWIFT_COMPILATION_MODE = wholemodule;
				SWIFT_OPTIMIZATION_LEVEL = "-O";
				VALIDATE_PRODUCT = YES;
			};
			name = Release;
		};
		50BA194729FE740900986557 /* Debug */ = {
			isa = XCBuildConfiguration;
			buildSettings = {
				ASSETCATALOG_COMPILER_APPICON_NAME = AppIcon;
				ASSETCATALOG_COMPILER_GLOBAL_ACCENT_COLOR_NAME = AccentColor;
				CODE_SIGN_STYLE = Automatic;
				CURRENT_PROJECT_VERSION = 1;
				GENERATE_INFOPLIST_FILE = YES;
				INFOPLIST_FILE = FireBaseRealTimeDatabase/Info.plist;
				INFOPLIST_KEY_UIApplicationSupportsIndirectInputEvents = YES;
				INFOPLIST_KEY_UILaunchStoryboardName = LaunchScreen;
				INFOPLIST_KEY_UIMainStoryboardFile = Main;
				INFOPLIST_KEY_UISupportedInterfaceOrientations_iPad = "UIInterfaceOrientationPortrait UIInterfaceOrientationPortraitUpsideDown UIInterfaceOrientationLandscapeLeft UIInterfaceOrientationLandscapeRight";
				INFOPLIST_KEY_UISupportedInterfaceOrientations_iPhone = "UIInterfaceOrientationPortrait UIInterfaceOrientationLandscapeLeft UIInterfaceOrientationLandscapeRight";
				LD_RUNPATH_SEARCH_PATHS = (
					"$(inherited)",
					"@executable_path/Frameworks",
				);
				MARKETING_VERSION = 1.0;
				PRODUCT_BUNDLE_IDENTIFIER = com.kaushik.pvl.FireBaseRealTimeDatabase;
				PRODUCT_NAME = "$(TARGET_NAME)";
				SWIFT_EMIT_LOC_STRINGS = YES;
				SWIFT_VERSION = 5.0;
				TARGETED_DEVICE_FAMILY = "1,2";
			};
			name = Debug;
		};
		50BA194829FE740900986557 /* Release */ = {
			isa = XCBuildConfiguration;
			buildSettings = {
				ASSETCATALOG_COMPILER_APPICON_NAME = AppIcon;
				ASSETCATALOG_COMPILER_GLOBAL_ACCENT_COLOR_NAME = AccentColor;
				CODE_SIGN_STYLE = Automatic;
				CURRENT_PROJECT_VERSION = 1;
				GENERATE_INFOPLIST_FILE = YES;
				INFOPLIST_FILE = FireBaseRealTimeDatabase/Info.plist;
				INFOPLIST_KEY_UIApplicationSupportsIndirectInputEvents = YES;
				INFOPLIST_KEY_UILaunchStoryboardName = LaunchScreen;
				INFOPLIST_KEY_UIMainStoryboardFile = Main;
				INFOPLIST_KEY_UISupportedInterfaceOrientations_iPad = "UIInterfaceOrientationPortrait UIInterfaceOrientationPortraitUpsideDown UIInterfaceOrientationLandscapeLeft UIInterfaceOrientationLandscapeRight";
				INFOPLIST_KEY_UISupportedInterfaceOrientations_iPhone = "UIInterfaceOrientationPortrait UIInterfaceOrientationLandscapeLeft UIInterfaceOrientationLandscapeRight";
				LD_RUNPATH_SEARCH_PATHS = (
					"$(inherited)",
					"@executable_path/Frameworks",
				);
				MARKETING_VERSION = 1.0;
				PRODUCT_BUNDLE_IDENTIFIER = com.kaushik.pvl.FireBaseRealTimeDatabase;
				PRODUCT_NAME = "$(TARGET_NAME)";
				SWIFT_EMIT_LOC_STRINGS = YES;
				SWIFT_VERSION = 5.0;
				TARGETED_DEVICE_FAMILY = "1,2";
			};
			name = Release;
		};
		50BA194A29FE740900986557 /* Debug */ = {
			isa = XCBuildConfiguration;
			buildSettings = {
				ALWAYS_EMBED_SWIFT_STANDARD_LIBRARIES = YES;
				BUNDLE_LOADER = "$(TEST_HOST)";
				CODE_SIGN_STYLE = Automatic;
				CURRENT_PROJECT_VERSION = 1;
				GENERATE_INFOPLIST_FILE = YES;
				IPHONEOS_DEPLOYMENT_TARGET = 16.4;
				MARKETING_VERSION = 1.0;
				PRODUCT_BUNDLE_IDENTIFIER = com.kaushik.pvl.FireBaseRealTimeDatabaseTests;
				PRODUCT_NAME = "$(TARGET_NAME)";
				SWIFT_EMIT_LOC_STRINGS = NO;
				SWIFT_VERSION = 5.0;
				TARGETED_DEVICE_FAMILY = "1,2";
				TEST_HOST = "$(BUILT_PRODUCTS_DIR)/FireBaseRealTimeDatabase.app/$(BUNDLE_EXECUTABLE_FOLDER_PATH)/FireBaseRealTimeDatabase";
			};
			name = Debug;
		};
		50BA194B29FE740900986557 /* Release */ = {
			isa = XCBuildConfiguration;
			buildSettings = {
				ALWAYS_EMBED_SWIFT_STANDARD_LIBRARIES = YES;
				BUNDLE_LOADER = "$(TEST_HOST)";
				CODE_SIGN_STYLE = Automatic;
				CURRENT_PROJECT_VERSION = 1;
				GENERATE_INFOPLIST_FILE = YES;
				IPHONEOS_DEPLOYMENT_TARGET = 16.4;
				MARKETING_VERSION = 1.0;
				PRODUCT_BUNDLE_IDENTIFIER = com.kaushik.pvl.FireBaseRealTimeDatabaseTests;
				PRODUCT_NAME = "$(TARGET_NAME)";
				SWIFT_EMIT_LOC_STRINGS = NO;
				SWIFT_VERSION = 5.0;
				TARGETED_DEVICE_FAMILY = "1,2";
				TEST_HOST = "$(BUILT_PRODUCTS_DIR)/FireBaseRealTimeDatabase.app/$(BUNDLE_EXECUTABLE_FOLDER_PATH)/FireBaseRealTimeDatabase";
			};
			name = Release;
		};
		50BA194D29FE740900986557 /* Debug */ = {
			isa = XCBuildConfiguration;
			buildSettings = {
				ALWAYS_EMBED_SWIFT_STANDARD_LIBRARIES = YES;
				CODE_SIGN_STYLE = Automatic;
				CURRENT_PROJECT_VERSION = 1;
				GENERATE_INFOPLIST_FILE = YES;
				MARKETING_VERSION = 1.0;
				PRODUCT_BUNDLE_IDENTIFIER = com.kaushik.pvl.FireBaseRealTimeDatabaseUITests;
				PRODUCT_NAME = "$(TARGET_NAME)";
				SWIFT_EMIT_LOC_STRINGS = NO;
				SWIFT_VERSION = 5.0;
				TARGETED_DEVICE_FAMILY = "1,2";
				TEST_TARGET_NAME = FireBaseRealTimeDatabase;
			};
			name = Debug;
		};
		50BA194E29FE740900986557 /* Release */ = {
			isa = XCBuildConfiguration;
			buildSettings = {
				ALWAYS_EMBED_SWIFT_STANDARD_LIBRARIES = YES;
				CODE_SIGN_STYLE = Automatic;
				CURRENT_PROJECT_VERSION = 1;
				GENERATE_INFOPLIST_FILE = YES;
				MARKETING_VERSION = 1.0;
				PRODUCT_BUNDLE_IDENTIFIER = com.kaushik.pvl.FireBaseRealTimeDatabaseUITests;
				PRODUCT_NAME = "$(TARGET_NAME)";
				SWIFT_EMIT_LOC_STRINGS = NO;
				SWIFT_VERSION = 5.0;
				TARGETED_DEVICE_FAMILY = "1,2";
				TEST_TARGET_NAME = FireBaseRealTimeDatabase;
			};
			name = Release;
		};
/* End XCBuildConfiguration section */

/* Begin XCConfigurationList section */
		50BA191729FE740600986557 /* Build configuration list for PBXProject "FireBaseRealTimeDatabase" */ = {
			isa = XCConfigurationList;
			buildConfigurations = (
				50BA194429FE740900986557 /* Debug */,
				50BA194529FE740900986557 /* Release */,
			);
			defaultConfigurationIsVisible = 0;
			defaultConfigurationName = Release;
		};
		50BA194629FE740900986557 /* Build configuration list for PBXNativeTarget "FireBaseRealTimeDatabase" */ = {
			isa = XCConfigurationList;
			buildConfigurations = (
				50BA194729FE740900986557 /* Debug */,
				50BA194829FE740900986557 /* Release */,
			);
			defaultConfigurationIsVisible = 0;
			defaultConfigurationName = Release;
		};
		50BA194929FE740900986557 /* Build configuration list for PBXNativeTarget "FireBaseRealTimeDatabaseTests" */ = {
			isa = XCConfigurationList;
			buildConfigurations = (
				50BA194A29FE740900986557 /* Debug */,
				50BA194B29FE740900986557 /* Release */,
			);
			defaultConfigurationIsVisible = 0;
			defaultConfigurationName = Release;
		};
		50BA194C29FE740900986557 /* Build configuration list for PBXNativeTarget "FireBaseRealTimeDatabaseUITests" */ = {
			isa = XCConfigurationList;
			buildConfigurations = (
				50BA194D29FE740900986557 /* Debug */,
				50BA194E29FE740900986557 /* Release */,
			);
			defaultConfigurationIsVisible = 0;
			defaultConfigurationName = Release;
		};
/* End XCConfigurationList section */
	};
	rootObject = 50BA191429FE740600986557 /* Project object */;
}
